
Microsoft Visual Studio Solution File, Format Version 12.00
# Visual Studio Version 17
VisualStudioVersion = 17.7.34024.191
MinimumVisualStudioVersion = 10.0.40219.1
Project("{9A19103F-16F7-4668-BE54-9A1E7A4F7556}") = "APPAPI", "APPAPI\APPAPI.csproj", "{14352D28-5BEE-4347-BA17-0012B5DF2A5D}"
EndProject
Project("{FAE04EC0-301F-11D3-BF4B-00C04F79EFBC}") = "Client", "Client\Client.csproj", "{145781BF-7666-4ACD-9578-48541C3827B2}"
EndProject
Global
	GlobalSection(SolutionConfigurationPlatforms) = preSolution
		Debug|Any CPU = Debug|Any CPU
		Release|Any CPU = Release|Any CPU
	EndGlobalSection
	GlobalSection(ProjectConfigurationPlatforms) = postSolution
		{14352D28-5BEE-4347-BA17-0012B5DF2A5D}.Debug|Any CPU.ActiveCfg = Debug|Any CPU
		{14352D28-5BEE-4347-BA17-0012B5DF2A5D}.Debug|Any CPU.Build.0 = Debug|Any CPU
		{14352D28-5BEE-4347-BA17-0012B5DF2A5D}.Release|Any CPU.ActiveCfg = Release|Any CPU
		{14352D28-5BEE-4347-BA17-0012B5DF2A5D}.Release|Any CPU.Build.0 = Release|Any CPU
		{145781BF-7666-4ACD-9578-48541C3827B2}.Debug|Any CPU.ActiveCfg = Debug|Any CPU
		{145781BF-7666-4ACD-9578-48541C3827B2}.Debug|Any CPU.Build.0 = Debug|Any CPU
		{145781BF-7666-4ACD-9578-48541C3827B2}.Release|Any CPU.ActiveCfg = Release|Any CPU
		{145781BF-7666-4ACD-9578-48541C3827B2}.Release|Any CPU.Build.0 = Release|Any CPU
	EndGlobalSection
	GlobalSection(SolutionProperties) = preSolution
		HideSolutionNode = FALSE
	EndGlobalSection
	GlobalSection(ExtensibilityGlobals) = postSolution
		SolutionGuid = {D2CF5D81-FD13-4A12-885C-7EB4A7D49231}
	EndGlobalSection
EndGlobal
